PODS:
  - Alamofire (4.7.3)
  - IQKeyboardManagerSwift (6.0.5)
  - ReSwift (4.0.1)
  - SVProgressHUD (2.2.5)

DEPENDENCIES:
  - Alamofire (~> 4.7.3)
  - IQKeyboardManagerSwift (~> 6.0.4)
  - ReSwift
  - SVProgressHUD

SPEC REPOS:
  https://github.com/cocoapods/specs.git:
    - Alamofire
    - IQKeyboardManagerSwift
    - ReSwift
    - SVProgressHUD

SPEC CHECKSUMS:
  Alamofire: c7287b6e5d7da964a70935e5db17046b7fde6568
  IQKeyboardManagerSwift: c14eca30f6001457d6ddf25e313f23fb6578c41c
  ReSwift: f4012c613e13da7398827fe5aebdb938eaed40a3
  SVProgressHUD: 1428aafac632c1f86f62aa4243ec12008d7a51d6

PODFILE CHECKSUM: 42ce16772002c9a68f30b896efef81ba275def2d

COCOAPODS: 1.5.3
